// !$*UTF8*$!
{
	archiveVersion = 1;
	classes = {
	};
	objectVersion = 50;
	objects = {

/* Begin PBXBuildFile section */
		BA06440624730A96001C95DB /* AppDelegate.swift in Sources */ = {isa = PBXBuildFile; fileRef = BA06440524730A96001C95DB /* AppDelegate.swift */; };
		BA06440824730A96001C95DB /* SceneDelegate.swift in Sources */ = {isa = PBXBuildFile; fileRef = BA06440724730A96001C95DB /* SceneDelegate.swift */; };
		BA06440A24730A96001C95DB /* ViewController.swift in Sources */ = {isa = PBXBuildFile; fileRef = BA06440924730A96001C95DB /* ViewController.swift */; };
		BA06440D24730A96001C95DB /* Main.storyboard in Resources */ = {isa = PBXBuildFile; fileRef = BA06440B24730A96001C95DB /* Main.storyboard */; };
		BA06441024730A96001C95DB /* SurpriseMeTestTask.xcdatamodeld in Sources */ = {isa = PBXBuildFile; fileRef = BA06440E24730A96001C95DB /* SurpriseMeTestTask.xcdatamodeld */; };
		BA06441224730A98001C95DB /* Assets.xcassets in Resources */ = {isa = PBXBuildFile; fileRef = BA06441124730A98001C95DB /* Assets.xcassets */; };
		BA06441524730A98001C95DB /* LaunchScreen.storyboard in Resources */ = {isa = PBXBuildFile; fileRef = BA06441324730A98001C95DB /* LaunchScreen.storyboard */; };
		BA064426247345FC001C95DB /* DismissAnimator.swift in Sources */ = {isa = PBXBuildFile; fileRef = BA064425247345FC001C95DB /* DismissAnimator.swift */; };
		BA06442924734D3C001C95DB /* Interactor.swift in Sources */ = {isa = PBXBuildFile; fileRef = BA06442824734D3C001C95DB /* Interactor.swift */; };
		BA06442B2473F4A6001C95DB /* PresentAnimator.swift in Sources */ = {isa = PBXBuildFile; fileRef = BA06442A2473F4A6001C95DB /* PresentAnimator.swift */; };
		BA06442D24746432001C95DB /* singinView.xib in Resources */ = {isa = PBXBuildFile; fileRef = BA06442C24746432001C95DB /* singinView.xib */; };
		BA06442F247467BC001C95DB /* singinView.swift in Sources */ = {isa = PBXBuildFile; fileRef = BA06442E247467BC001C95DB /* singinView.swift */; };
		BA06443124746D6C001C95DB /* MainViewController.swift in Sources */ = {isa = PBXBuildFile; fileRef = BA06443024746D6C001C95DB /* MainViewController.swift */; };
/* End PBXBuildFile section */

/* Begin PBXFileReference section */
		BA06440224730A96001C95DB /* SurpriseMeTestTask.app */ = {isa = PBXFileReference; explicitFileType = wrapper.application; includeInIndex = 0; path = SurpriseMeTestTask.app; sourceTree = BUILT_PRODUCTS_DIR; };
		BA06440524730A96001C95DB /* AppDelegate.swift */ = {isa = PBXFileReference; lastKnownFileType = sourcecode.swift; path = AppDelegate.swift; sourceTree = "<group>"; };
		BA06440724730A96001C95DB /* SceneDelegate.swift */ = {isa = PBXFileReference; lastKnownFileType = sourcecode.swift; path = SceneDelegate.swift; sourceTree = "<group>"; };
		BA06440924730A96001C95DB /* ViewController.swift */ = {isa = PBXFileReference; lastKnownFileType = sourcecode.swift; path = ViewController.swift; sourceTree = "<group>"; };
		BA06440C24730A96001C95DB /* Base */ = {isa = PBXFileReference; lastKnownFileType = file.storyboard; name = Base; path = Base.lproj/Main.storyboard; sourceTree = "<group>"; };
		BA06440F24730A96001C95DB /* SurpriseMeTestTask.xcdatamodel */ = {isa = PBXFileReference; lastKnownFileType = wrapper.xcdatamodel; path = SurpriseMeTestTask.xcdatamodel; sourceTree = "<group>"; };
		BA06441124730A98001C95DB /* Assets.xcassets */ = {isa = PBXFileReference; lastKnownFileType = folder.assetcatalog; path = Assets.xcassets; sourceTree = "<group>"; };
		BA06441424730A98001C95DB /* Base */ = {isa = PBXFileReference; lastKnownFileType = file.storyboard; name = Base; path = Base.lproj/LaunchScreen.storyboard; sourceTree = "<group>"; };
		BA06441624730A98001C95DB /* Info.plist */ = {isa = PBXFileReference; lastKnownFileType = text.plist.xml; path = Info.plist; sourceTree = "<group>"; };
		BA064425247345FC001C95DB /* DismissAnimator.swift */ = {isa = PBXFileReference; lastKnownFileType = sourcecode.swift; path = DismissAnimator.swift; sourceTree = "<group>"; };
		BA06442824734D3C001C95DB /* Interactor.swift */ = {isa = PBXFileReference; lastKnownFileType = sourcecode.swift; path = Interactor.swift; sourceTree = "<group>"; };
		BA06442A2473F4A6001C95DB /* PresentAnimator.swift */ = {isa = PBXFileReference; lastKnownFileType = sourcecode.swift; path = PresentAnimator.swift; sourceTree = "<group>"; };
		BA06442C24746432001C95DB /* singinView.xib */ = {isa = PBXFileReference; lastKnownFileType = file.xib; path = singinView.xib; sourceTree = "<group>"; };
		BA06442E247467BC001C95DB /* singinView.swift */ = {isa = PBXFileReference; lastKnownFileType = sourcecode.swift; path = singinView.swift; sourceTree = "<group>"; };
		BA06443024746D6C001C95DB /* MainViewController.swift */ = {isa = PBXFileReference; lastKnownFileType = sourcecode.swift; path = MainViewController.swift; sourceTree = "<group>"; };
/* End PBXFileReference section */

/* Begin PBXFrameworksBuildPhase section */
		BA0643FF24730A96001C95DB /* Frameworks */ = {
			isa = PBXFrameworksBuildPhase;
			buildActionMask = 2147483647;
			files = (
			);
			runOnlyForDeploymentPostprocessing = 0;
		};
/* End PBXFrameworksBuildPhase section */

/* Begin PBXGroup section */
		BA0643F924730A96001C95DB = {
			isa = PBXGroup;
			children = (
				BA06440424730A96001C95DB /* SurpriseMeTestTask */,
				BA06440324730A96001C95DB /* Products */,
			);
			sourceTree = "<group>";
		};
		BA06440324730A96001C95DB /* Products */ = {
			isa = PBXGroup;
			children = (
				BA06440224730A96001C95DB /* SurpriseMeTestTask.app */,
			);
			name = Products;
			sourceTree = "<group>";
		};
		BA06440424730A96001C95DB /* SurpriseMeTestTask */ = {
			isa = PBXGroup;
			children = (
				BA06440524730A96001C95DB /* AppDelegate.swift */,
				BA06440724730A96001C95DB /* SceneDelegate.swift */,
				BA06441C24730B14001C95DB /* PresentationLayer */,
				BA06441D24730B21001C95DB /* ServeceLayer */,
				BA06441E24730B6A001C95DB /* CoreLayer */,
				BA06441124730A98001C95DB /* Assets.xcassets */,
				BA06441324730A98001C95DB /* LaunchScreen.storyboard */,
				BA06441624730A98001C95DB /* Info.plist */,
				BA06440E24730A96001C95DB /* SurpriseMeTestTask.xcdatamodeld */,
			);
			path = SurpriseMeTestTask;
			sourceTree = "<group>";
		};
		BA06441C24730B14001C95DB /* PresentationLayer */ = {
			isa = PBXGroup;
			children = (
				BA06442724734D23001C95DB /* Interactor */,
				BA064424247345DD001C95DB /* Animators */,
				BA06441F24730BD1001C95DB /* MainScreen */,
				BA06442124730BF6001C95DB /* CountryPickerScreen */,
				BA06442024730BDD001C95DB /* SMSCodeScreen */,
			);
			path = PresentationLayer;
			sourceTree = "<group>";
		};
		BA06441D24730B21001C95DB /* ServeceLayer */ = {
			isa = PBXGroup;
			children = (
			);
			path = ServeceLayer;
			sourceTree = "<group>";
		};
		BA06441E24730B6A001C95DB /* CoreLayer */ = {
			isa = PBXGroup;
			children = (
			);
			path = CoreLayer;
			sourceTree = "<group>";
		};
		BA06441F24730BD1001C95DB /* MainScreen */ = {
			isa = PBXGroup;
			children = (
				BA06440924730A96001C95DB /* ViewController.swift */,
				BA06440B24730A96001C95DB /* Main.storyboard */,
				BA06442C24746432001C95DB /* singinView.xib */,
				BA06442E247467BC001C95DB /* singinView.swift */,
				BA06443024746D6C001C95DB /* MainViewController.swift */,
			);
			path = MainScreen;
			sourceTree = "<group>";
		};
		BA06442024730BDD001C95DB /* SMSCodeScreen */ = {
			isa = PBXGroup;
			children = (
			);
			path = SMSCodeScreen;
			sourceTree = "<group>";
		};
		BA06442124730BF6001C95DB /* CountryPickerScreen */ = {
			isa = PBXGroup;
			children = (
			);
			path = CountryPickerScreen;
			sourceTree = "<group>";
		};
		BA064424247345DD001C95DB /* Animators */ = {
			isa = PBXGroup;
			children = (
				BA064425247345FC001C95DB /* DismissAnimator.swift */,
				BA06442A2473F4A6001C95DB /* PresentAnimator.swift */,
			);
			path = Animators;
			sourceTree = "<group>";
		};
		BA06442724734D23001C95DB /* Interactor */ = {
			isa = PBXGroup;
			children = (
				BA06442824734D3C001C95DB /* Interactor.swift */,
			);
			path = Interactor;
			sourceTree = "<group>";
		};
/* End PBXGroup section */

/* Begin PBXNativeTarget section */
		BA06440124730A96001C95DB /* SurpriseMeTestTask */ = {
			isa = PBXNativeTarget;
			buildConfigurationList = BA06441924730A98001C95DB /* Build configuration list for PBXNativeTarget "SurpriseMeTestTask" */;
			buildPhases = (
				BA0643FE24730A96001C95DB /* Sources */,
				BA0643FF24730A96001C95DB /* Frameworks */,
				BA06440024730A96001C95DB /* Resources */,
			);
			buildRules = (
			);
			dependencies = (
			);
			name = SurpriseMeTestTask;
			productName = SurpriseMeTestTask;
			productReference = BA06440224730A96001C95DB /* SurpriseMeTestTask.app */;
			productType = "com.apple.product-type.application";
		};
/* End PBXNativeTarget section */

/* Begin PBXProject section */
		BA0643FA24730A96001C95DB /* Project object */ = {
			isa = PBXProject;
			attributes = {
				LastSwiftUpdateCheck = 1140;
				LastUpgradeCheck = 1140;
				ORGANIZATIONNAME = "Borisov Matvei";
				TargetAttributes = {
					BA06440124730A96001C95DB = {
						CreatedOnToolsVersion = 11.4;
					};
				};
			};
			buildConfigurationList = BA0643FD24730A96001C95DB /* Build configuration list for PBXProject "SurpriseMeTestTask" */;
			compatibilityVersion = "Xcode 9.3";
			developmentRegion = en;
			hasScannedForEncodings = 0;
			knownRegions = (
				en,
				Base,
			);
			mainGroup = BA0643F924730A96001C95DB;
			productRefGroup = BA06440324730A96001C95DB /* Products */;
			projectDirPath = "";
			projectRoot = "";
			targets = (
				BA06440124730A96001C95DB /* SurpriseMeTestTask */,
			);
		};
/* End PBXProject section */

/* Begin PBXResourcesBuildPhase section */
		BA06440024730A96001C95DB /* Resources */ = {
			isa = PBXResourcesBuildPhase;
			buildActionMask = 2147483647;
			files = (
				BA06441524730A98001C95DB /* LaunchScreen.storyboard in Resources */,
				BA06442D24746432001C95DB /* singinView.xib in Resources */,
				BA06441224730A98001C95DB /* Assets.xcassets in Resources */,
				BA06440D24730A96001C95DB /* Main.storyboard in Resources */,
			);
			runOnlyForDeploymentPostprocessing = 0;
		};
/* End PBXResourcesBuildPhase section */

/* Begin PBXSourcesBuildPhase section */
		BA0643FE24730A96001C95DB /* Sources */ = {
			isa = PBXSourcesBuildPhase;
			buildActionMask = 2147483647;
			files = (
				BA06440A24730A96001C95DB /* ViewController.swift in Sources */,
				BA064426247345FC001C95DB /* DismissAnimator.swift in Sources */,
				BA06441024730A96001C95DB /* SurpriseMeTestTask.xcdatamodeld in Sources */,
				BA06440624730A96001C95DB /* AppDelegate.swift in Sources */,
				BA06442F247467BC001C95DB /* singinView.swift in Sources */,
				BA06442B2473F4A6001C95DB /* PresentAnimator.swift in Sources */,
				BA06440824730A96001C95DB /* SceneDelegate.swift in Sources */,
				BA06442924734D3C001C95DB /* Interactor.swift in Sources */,
				BA06443124746D6C001C95DB /* MainViewController.swift in Sources */,
			);
			runOnlyForDeploymentPostprocessing = 0;
		};
/* End PBXSourcesBuildPhase section */

/* Begin PBXVariantGroup section */
		BA06440B24730A96001C95DB /* Main.storyboard */ = {
			isa = PBXVariantGroup;
			children = (
				BA06440C24730A96001C95DB /* Base */,
			);
			name = Main.storyboard;
			sourceTree = "<group>";
		};
		BA06441324730A98001C95DB /* LaunchScreen.storyboard */ = {
			isa = PBXVariantGroup;
			children = (
				BA06441424730A98001C95DB /* Base */,
			);
			name = LaunchScreen.storyboard;
			sourceTree = "<group>";
		};
/* End PBXVariantGroup section */

/* Begin XCBuildConfiguration section */
		BA06441724730A98001C95DB /* Debug */ = {
			isa = XCBuildConfiguration;
			buildSettings = {
				ALWAYS_SEARCH_USER_PATHS = NO;
				CLANG_ANALYZER_NONNULL = YES;
				CLANG_ANALYZER_NUMBER_OBJECT_CONVERSION = YES_AGGRESSIVE;
				CLANG_CXX_LANGUAGE_STANDARD = "gnu++14";
				CLANG_CXX_LIBRARY = "libc++";
				CLANG_ENABLE_MODULES = YES;
				CLANG_ENABLE_OBJC_ARC = YES;
				CLANG_ENABLE_OBJC_WEAK = YES;
				CLANG_WARN_BLOCK_CAPTURE_AUTORELEASING = YES;
				CLANG_WARN_BOOL_CONVERSION = YES;
				CLANG_WARN_COMMA = YES;
				CLANG_WARN_CONSTANT_CONVERSION = YES;
				CLANG_WARN_DEPRECATED_OBJC_IMPLEMENTATIONS = YES;
				CLANG_WARN_DIRECT_OBJC_ISA_USAGE = YES_ERROR;
				CLANG_WARN_DOCUMENTATION_COMMENTS = YES;
				CLANG_WARN_EMPTY_BODY = YES;
				CLANG_WARN_ENUM_CONVERSION = YES;
				CLANG_WARN_INFINITE_RECURSION = YES;
				CLANG_WARN_INT_CONVERSION = YES;
				CLANG_WARN_NON_LITERAL_NULL_CONVERSION = YES;
				CLANG_WARN_OBJC_IMPLICIT_RETAIN_SELF = YES;
				CLANG_WARN_OBJC_LITERAL_CONVERSION = YES;
				CLANG_WARN_OBJC_ROOT_CLASS = YES_ERROR;
				CLANG_WARN_RANGE_LOOP_ANALYSIS = YES;
				CLANG_WARN_STRICT_PROTOTYPES = YES;
				CLANG_WARN_SUSPICIOUS_MOVE = YES;
				CLANG_WARN_UNGUARDED_AVAILABILITY = YES_AGGRESSIVE;
				CLANG_WARN_UNREACHABLE_CODE = YES;
				CLANG_WARN__DUPLICATE_METHOD_MATCH = YES;
				COPY_PHASE_STRIP = NO;
				DEBUG_INFORMATION_FORMAT = dwarf;
				ENABLE_STRICT_OBJC_MSGSEND = YES;
				ENABLE_TESTABILITY = YES;
				GCC_C_LANGUAGE_STANDARD = gnu11;
				GCC_DYNAMIC_NO_PIC = NO;
				GCC_NO_COMMON_BLOCKS = YES;
				GCC_OPTIMIZATION_LEVEL = 0;
				GCC_PREPROCESSOR_DEFINITIONS = (
					"DEBUG=1",
					"$(inherited)",
				);
				GCC_WARN_64_TO_32_BIT_CONVERSION = YES;
				GCC_WARN_ABOUT_RETURN_TYPE = YES_ERROR;
				GCC_WARN_UNDECLARED_SELECTOR = YES;
				GCC_WARN_UNINITIALIZED_AUTOS = YES_AGGRESSIVE;
				GCC_WARN_UNUSED_FUNCTION = YES;
				GCC_WARN_UNUSED_VARIABLE = YES;
				IPHONEOS_DEPLOYMENT_TARGET = 11.0;
				MTL_ENABLE_DEBUG_INFO = INCLUDE_SOURCE;
				MTL_FAST_MATH = YES;
				ONLY_ACTIVE_ARCH = YES;
				SDKROOT = iphoneos;
				SWIFT_ACTIVE_COMPILATION_CONDITIONS = DEBUG;
				SWIFT_OPTIMIZATION_LEVEL = "-Onone";
			};
			name = Debug;
		};
		BA06441824730A98001C95DB /* Release */ = {
			isa = XCBuildConfiguration;
			buildSettings = {
				ALWAYS_SEARCH_USER_PATHS = NO;
				CLANG_ANALYZER_NONNULL = YES;
				CLANG_ANALYZER_NUMBER_OBJECT_CONVERSION = YES_AGGRESSIVE;
				CLANG_CXX_LANGUAGE_STANDARD = "gnu++14";
				CLANG_CXX_LIBRARY = "libc++";
				CLANG_ENABLE_MODULES = YES;
				CLANG_ENABLE_OBJC_ARC = YES;
				CLANG_ENABLE_OBJC_WEAK = YES;
				CLANG_WARN_BLOCK_CAPTURE_AUTORELEASING = YES;
				CLANG_WARN_BOOL_CONVERSION = YES;
				CLANG_WARN_COMMA = YES;
				CLANG_WARN_CONSTANT_CONVERSION = YES;
				CLANG_WARN_DEPRECATED_OBJC_IMPLEMENTATIONS = YES;
				CLANG_WARN_DIRECT_OBJC_ISA_USAGE = YES_ERROR;
				CLANG_WARN_DOCUMENTATION_COMMENTS = YES;
				CLANG_WARN_EMPTY_BODY = YES;
				CLANG_WARN_ENUM_CONVERSION = YES;
				CLANG_WARN_INFINITE_RECURSION = YES;
				CLANG_WARN_INT_CONVERSION = YES;
				CLANG_WARN_NON_LITERAL_NULL_CONVERSION = YES;
				CLANG_WARN_OBJC_IMPLICIT_RETAIN_SELF = YES;
				CLANG_WARN_OBJC_LITERAL_CONVERSION = YES;
				CLANG_WARN_OBJC_ROOT_CLASS = YES_ERROR;
				CLANG_WARN_RANGE_LOOP_ANALYSIS = YES;
				CLANG_WARN_STRICT_PROTOTYPES = YES;
				CLANG_WARN_SUSPICIOUS_MOVE = YES;
				CLANG_WARN_UNGUARDED_AVAILABILITY = YES_AGGRESSIVE;
				CLANG_WARN_UNREACHABLE_CODE = YES;
				CLANG_WARN__DUPLICATE_METHOD_MATCH = YES;
				COPY_PHASE_STRIP = NO;
				DEBUG_INFORMATION_FORMAT = "dwarf-with-dsym";
				ENABLE_NS_ASSERTIONS = NO;
				ENABLE_STRICT_OBJC_MSGSEND = YES;
				GCC_C_LANGUAGE_STANDARD = gnu11;
				GCC_NO_COMMON_BLOCKS = YES;
				GCC_WARN_64_TO_32_BIT_CONVERSION = YES;
				GCC_WARN_ABOUT_RETURN_TYPE = YES_ERROR;
				GCC_WARN_UNDECLARED_SELECTOR = YES;
				GCC_WARN_UNINITIALIZED_AUTOS = YES_AGGRESSIVE;
				GCC_WARN_UNUSED_FUNCTION = YES;
				GCC_WARN_UNUSED_VARIABLE = YES;
				IPHONEOS_DEPLOYMENT_TARGET = 11.0;
				MTL_ENABLE_DEBUG_INFO = NO;
				MTL_FAST_MATH = YES;
				SDKROOT = iphoneos;
				SWIFT_COMPILATION_MODE = wholemodule;
				SWIFT_OPTIMIZATION_LEVEL = "-O";
				VALIDATE_PRODUCT = YES;
			};
			name = Release;
		};
		BA06441A24730A98001C95DB /* Debug */ = {
			isa = XCBuildConfiguration;
			buildSettings = {
				ASSETCATALOG_COMPILER_APPICON_NAME = AppIcon;
				CODE_SIGN_STYLE = Automatic;
				DEVELOPMENT_TEAM = 9N36M22CA6;
				INFOPLIST_FILE = SurpriseMeTestTask/Info.plist;
				IPHONEOS_DEPLOYMENT_TARGET = 11.0;
				LD_RUNPATH_SEARCH_PATHS = (
					"$(inherited)",
					"@executable_path/Frameworks",
				);
				PRODUCT_BUNDLE_IDENTIFIER = borisov.Matvey.SurpriseMeTestTask;
				PRODUCT_NAME = "$(TARGET_NAME)";
				SWIFT_VERSION = 5.0;
				TARGETED_DEVICE_FAMILY = "1,2";
			};
			name = Debug;
		};
		BA06441B24730A98001C95DB /* Release */ = {
			isa = XCBuildConfiguration;
			buildSettings = {
				ASSETCATALOG_COMPILER_APPICON_NAME = AppIcon;
				CODE_SIGN_STYLE = Automatic;
				DEVELOPMENT_TEAM = 9N36M22CA6;
				INFOPLIST_FILE = SurpriseMeTestTask/Info.plist;
				IPHONEOS_DEPLOYMENT_TARGET = 11.0;
				LD_RUNPATH_SEARCH_PATHS = (
					"$(inherited)",
					"@executable_path/Frameworks",
				);
				PRODUCT_BUNDLE_IDENTIFIER = borisov.Matvey.SurpriseMeTestTask;
				PRODUCT_NAME = "$(TARGET_NAME)";
				SWIFT_VERSION = 5.0;
				TARGETED_DEVICE_FAMILY = "1,2";
			};
			name = Release;
		};
/* End XCBuildConfiguration section */

/* Begin XCConfigurationList section */
		BA0643FD24730A96001C95DB /* Build configuration list for PBXProject "SurpriseMeTestTask" */ = {
			isa = XCConfigurationList;
			buildConfigurations = (
				BA06441724730A98001C95DB /* Debug */,
				BA06441824730A98001C95DB /* Release */,
			);
			defaultConfigurationIsVisible = 0;
			defaultConfigurationName = Release;
		};
		BA06441924730A98001C95DB /* Build configuration list for PBXNativeTarget "SurpriseMeTestTask" */ = {
			isa = XCConfigurationList;
			buildConfigurations = (
				BA06441A24730A98001C95DB /* Debug */,
				BA06441B24730A98001C95DB /* Release */,
			);
			defaultConfigurationIsVisible = 0;
			defaultConfigurationName = Release;
		};
/* End XCConfigurationList section */

/* Begin XCVersionGroup section */
		BA06440E24730A96001C95DB /* SurpriseMeTestTask.xcdatamodeld */ = {
			isa = XCVersionGroup;
			children = (
				BA06440F24730A96001C95DB /* SurpriseMeTestTask.xcdatamodel */,
			);
			currentVersion = BA06440F24730A96001C95DB /* SurpriseMeTestTask.xcdatamodel */;
			path = SurpriseMeTestTask.xcdatamodeld;
			sourceTree = "<group>";
			versionGroupType = wrapper.xcdatamodel;
		};
/* End XCVersionGroup section */
	};
	rootObject = BA0643FA24730A96001C95DB /* Project object */;
}
