// !$*UTF8*$!
{
	archiveVersion = 1;
	classes = {
	};
	objectVersion = 51;
	objects = {

/* Begin PBXBuildFile section */
		8DC2574995037E4DB8677DC2 /* Pods_SurpriseMeTestTask.framework in Frameworks */ = {isa = PBXBuildFile; fileRef = FC187446A691271D759BDA2C /* Pods_SurpriseMeTestTask.framework */; };
		BA06440624730A96001C95DB /* AppDelegate.swift in Sources */ = {isa = PBXBuildFile; fileRef = BA06440524730A96001C95DB /* AppDelegate.swift */; };
		BA06440824730A96001C95DB /* SceneDelegate.swift in Sources */ = {isa = PBXBuildFile; fileRef = BA06440724730A96001C95DB /* SceneDelegate.swift */; };
		BA06440A24730A96001C95DB /* ViewController.swift in Sources */ = {isa = PBXBuildFile; fileRef = BA06440924730A96001C95DB /* ViewController.swift */; };
		BA06440D24730A96001C95DB /* Main.storyboard in Resources */ = {isa = PBXBuildFile; fileRef = BA06440B24730A96001C95DB /* Main.storyboard */; };
		BA06441024730A96001C95DB /* SurpriseMeTestTask.xcdatamodeld in Sources */ = {isa = PBXBuildFile; fileRef = BA06440E24730A96001C95DB /* SurpriseMeTestTask.xcdatamodeld */; };
		BA06441524730A98001C95DB /* LaunchScreen.storyboard in Resources */ = {isa = PBXBuildFile; fileRef = BA06441324730A98001C95DB /* LaunchScreen.storyboard */; };
		BA064426247345FC001C95DB /* DismissAnimator.swift in Sources */ = {isa = PBXBuildFile; fileRef = BA064425247345FC001C95DB /* DismissAnimator.swift */; };
		BA06442924734D3C001C95DB /* Interactor.swift in Sources */ = {isa = PBXBuildFile; fileRef = BA06442824734D3C001C95DB /* Interactor.swift */; };
		BA06442B2473F4A6001C95DB /* PresentAnimator.swift in Sources */ = {isa = PBXBuildFile; fileRef = BA06442A2473F4A6001C95DB /* PresentAnimator.swift */; };
		BA06443124746D6C001C95DB /* MainViewController.swift in Sources */ = {isa = PBXBuildFile; fileRef = BA06443024746D6C001C95DB /* MainViewController.swift */; };
		BA6416E7247AB735000D94AE /* Assets.xcassets in Resources */ = {isa = PBXBuildFile; fileRef = BA6416E6247AB735000D94AE /* Assets.xcassets */; };
		BA6416F0247AD2A7000D94AE /* POSTRequestService.swift in Sources */ = {isa = PBXBuildFile; fileRef = BA6416EF247AD2A7000D94AE /* POSTRequestService.swift */; };
		BA6416F4247AE534000D94AE /* IPOSTRequestService.swift in Sources */ = {isa = PBXBuildFile; fileRef = BA6416F3247AE534000D94AE /* IPOSTRequestService.swift */; };
		BA6416F6247AE582000D94AE /* SMSRequest.swift in Sources */ = {isa = PBXBuildFile; fileRef = BA6416F5247AE582000D94AE /* SMSRequest.swift */; };
		BA6416F8247B11C5000D94AE /* SMSCodeViewController.swift in Sources */ = {isa = PBXBuildFile; fileRef = BA6416F7247B11C5000D94AE /* SMSCodeViewController.swift */; };
		BA6416FA247B11CE000D94AE /* SMSCodeViewController.storyboard in Resources */ = {isa = PBXBuildFile; fileRef = BA6416F9247B11CE000D94AE /* SMSCodeViewController.storyboard */; };
		BAD518B0247951970045BE75 /* CountryCodeViewController.swift in Sources */ = {isa = PBXBuildFile; fileRef = BAD518AF247951970045BE75 /* CountryCodeViewController.swift */; };
		BAD518B2247951BF0045BE75 /* CountryCodeViewController.storyboard in Resources */ = {isa = PBXBuildFile; fileRef = BAD518B1247951BF0045BE75 /* CountryCodeViewController.storyboard */; };
		BADAB74824749FF5005562A9 /* IURLNetworkService.swift in Sources */ = {isa = PBXBuildFile; fileRef = BADAB74724749FF5005562A9 /* IURLNetworkService.swift */; };
		BADAB74A2474A00C005562A9 /* URLNetworkService.swift in Sources */ = {isa = PBXBuildFile; fileRef = BADAB7492474A00C005562A9 /* URLNetworkService.swift */; };
		BADAB74D2474A258005562A9 /* ImageLoadService.swift in Sources */ = {isa = PBXBuildFile; fileRef = BADAB74C2474A258005562A9 /* ImageLoadService.swift */; };
		BADAB74F2474A2D4005562A9 /* IImageLoadService.swift in Sources */ = {isa = PBXBuildFile; fileRef = BADAB74E2474A2D4005562A9 /* IImageLoadService.swift */; };
		BADAB7512474A325005562A9 /* DataFetchService.swift in Sources */ = {isa = PBXBuildFile; fileRef = BADAB7502474A325005562A9 /* DataFetchService.swift */; };
		BADAB7532474A338005562A9 /* IDataFetchService.swift in Sources */ = {isa = PBXBuildFile; fileRef = BADAB7522474A338005562A9 /* IDataFetchService.swift */; };
		BADAB7572475417C005562A9 /* ServiceAssembly.swift in Sources */ = {isa = PBXBuildFile; fileRef = BADAB7562475417C005562A9 /* ServiceAssembly.swift */; };
		BADAB759247541CE005562A9 /* CoreAssembly.swift in Sources */ = {isa = PBXBuildFile; fileRef = BADAB758247541CE005562A9 /* CoreAssembly.swift */; };
		BADAB75B24754420005562A9 /* TrackImageService.swift in Sources */ = {isa = PBXBuildFile; fileRef = BADAB75A24754420005562A9 /* TrackImageService.swift */; };
/* End PBXBuildFile section */

/* Begin PBXFileReference section */
		9070B680152CB660AFE5D722 /* Pods-SurpriseMeTestTask.release.xcconfig */ = {isa = PBXFileReference; includeInIndex = 1; lastKnownFileType = text.xcconfig; name = "Pods-SurpriseMeTestTask.release.xcconfig"; path = "Target Support Files/Pods-SurpriseMeTestTask/Pods-SurpriseMeTestTask.release.xcconfig"; sourceTree = "<group>"; };
		BA06440224730A96001C95DB /* SurpriseMeTestTask.app */ = {isa = PBXFileReference; explicitFileType = wrapper.application; includeInIndex = 0; path = SurpriseMeTestTask.app; sourceTree = BUILT_PRODUCTS_DIR; };
		BA06440524730A96001C95DB /* AppDelegate.swift */ = {isa = PBXFileReference; lastKnownFileType = sourcecode.swift; path = AppDelegate.swift; sourceTree = "<group>"; };
		BA06440724730A96001C95DB /* SceneDelegate.swift */ = {isa = PBXFileReference; lastKnownFileType = sourcecode.swift; path = SceneDelegate.swift; sourceTree = "<group>"; };
		BA06440924730A96001C95DB /* ViewController.swift */ = {isa = PBXFileReference; lastKnownFileType = sourcecode.swift; path = ViewController.swift; sourceTree = "<group>"; };
		BA06440C24730A96001C95DB /* Base */ = {isa = PBXFileReference; lastKnownFileType = file.storyboard; name = Base; path = Base.lproj/Main.storyboard; sourceTree = "<group>"; };
		BA06440F24730A96001C95DB /* SurpriseMeTestTask.xcdatamodel */ = {isa = PBXFileReference; lastKnownFileType = wrapper.xcdatamodel; path = SurpriseMeTestTask.xcdatamodel; sourceTree = "<group>"; };
		BA06441424730A98001C95DB /* Base */ = {isa = PBXFileReference; lastKnownFileType = file.storyboard; name = Base; path = Base.lproj/LaunchScreen.storyboard; sourceTree = "<group>"; };
		BA06441624730A98001C95DB /* Info.plist */ = {isa = PBXFileReference; lastKnownFileType = text.plist.xml; path = Info.plist; sourceTree = "<group>"; };
		BA064425247345FC001C95DB /* DismissAnimator.swift */ = {isa = PBXFileReference; lastKnownFileType = sourcecode.swift; path = DismissAnimator.swift; sourceTree = "<group>"; };
		BA06442824734D3C001C95DB /* Interactor.swift */ = {isa = PBXFileReference; lastKnownFileType = sourcecode.swift; path = Interactor.swift; sourceTree = "<group>"; };
		BA06442A2473F4A6001C95DB /* PresentAnimator.swift */ = {isa = PBXFileReference; lastKnownFileType = sourcecode.swift; path = PresentAnimator.swift; sourceTree = "<group>"; };
		BA06443024746D6C001C95DB /* MainViewController.swift */ = {isa = PBXFileReference; lastKnownFileType = sourcecode.swift; path = MainViewController.swift; sourceTree = "<group>"; };
		BA6416E6247AB735000D94AE /* Assets.xcassets */ = {isa = PBXFileReference; lastKnownFileType = folder.assetcatalog; path = Assets.xcassets; sourceTree = "<group>"; };
		BA6416EF247AD2A7000D94AE /* POSTRequestService.swift */ = {isa = PBXFileReference; lastKnownFileType = sourcecode.swift; path = POSTRequestService.swift; sourceTree = "<group>"; };
		BA6416F3247AE534000D94AE /* IPOSTRequestService.swift */ = {isa = PBXFileReference; lastKnownFileType = sourcecode.swift; path = IPOSTRequestService.swift; sourceTree = "<group>"; };
		BA6416F5247AE582000D94AE /* SMSRequest.swift */ = {isa = PBXFileReference; lastKnownFileType = sourcecode.swift; path = SMSRequest.swift; sourceTree = "<group>"; };
		BA6416F7247B11C5000D94AE /* SMSCodeViewController.swift */ = {isa = PBXFileReference; lastKnownFileType = sourcecode.swift; path = SMSCodeViewController.swift; sourceTree = "<group>"; };
		BA6416F9247B11CE000D94AE /* SMSCodeViewController.storyboard */ = {isa = PBXFileReference; lastKnownFileType = file.storyboard; path = SMSCodeViewController.storyboard; sourceTree = "<group>"; };
		BAD518AF247951970045BE75 /* CountryCodeViewController.swift */ = {isa = PBXFileReference; lastKnownFileType = sourcecode.swift; path = CountryCodeViewController.swift; sourceTree = "<group>"; };
		BAD518B1247951BF0045BE75 /* CountryCodeViewController.storyboard */ = {isa = PBXFileReference; lastKnownFileType = file.storyboard; path = CountryCodeViewController.storyboard; sourceTree = "<group>"; };
		BADAB74724749FF5005562A9 /* IURLNetworkService.swift */ = {isa = PBXFileReference; lastKnownFileType = sourcecode.swift; path = IURLNetworkService.swift; sourceTree = "<group>"; };
		BADAB7492474A00C005562A9 /* URLNetworkService.swift */ = {isa = PBXFileReference; lastKnownFileType = sourcecode.swift; path = URLNetworkService.swift; sourceTree = "<group>"; };
		BADAB74C2474A258005562A9 /* ImageLoadService.swift */ = {isa = PBXFileReference; lastKnownFileType = sourcecode.swift; path = ImageLoadService.swift; sourceTree = "<group>"; };
		BADAB74E2474A2D4005562A9 /* IImageLoadService.swift */ = {isa = PBXFileReference; lastKnownFileType = sourcecode.swift; path = IImageLoadService.swift; sourceTree = "<group>"; };
		BADAB7502474A325005562A9 /* DataFetchService.swift */ = {isa = PBXFileReference; lastKnownFileType = sourcecode.swift; path = DataFetchService.swift; sourceTree = "<group>"; };
		BADAB7522474A338005562A9 /* IDataFetchService.swift */ = {isa = PBXFileReference; lastKnownFileType = sourcecode.swift; path = IDataFetchService.swift; sourceTree = "<group>"; };
		BADAB7562475417C005562A9 /* ServiceAssembly.swift */ = {isa = PBXFileReference; lastKnownFileType = sourcecode.swift; path = ServiceAssembly.swift; sourceTree = "<group>"; };
		BADAB758247541CE005562A9 /* CoreAssembly.swift */ = {isa = PBXFileReference; lastKnownFileType = sourcecode.swift; path = CoreAssembly.swift; sourceTree = "<group>"; };
		BADAB75A24754420005562A9 /* TrackImageService.swift */ = {isa = PBXFileReference; lastKnownFileType = sourcecode.swift; path = TrackImageService.swift; sourceTree = "<group>"; };
		F135E510F3001D93AB879E65 /* Pods-SurpriseMeTestTask.debug.xcconfig */ = {isa = PBXFileReference; includeInIndex = 1; lastKnownFileType = text.xcconfig; name = "Pods-SurpriseMeTestTask.debug.xcconfig"; path = "Target Support Files/Pods-SurpriseMeTestTask/Pods-SurpriseMeTestTask.debug.xcconfig"; sourceTree = "<group>"; };
		FC187446A691271D759BDA2C /* Pods_SurpriseMeTestTask.framework */ = {isa = PBXFileReference; explicitFileType = wrapper.framework; includeInIndex = 0; path = Pods_SurpriseMeTestTask.framework; sourceTree = BUILT_PRODUCTS_DIR; };
/* End PBXFileReference section */

/* Begin PBXFrameworksBuildPhase section */
		BA0643FF24730A96001C95DB /* Frameworks */ = {
			isa = PBXFrameworksBuildPhase;
			buildActionMask = 2147483647;
			files = (
				8DC2574995037E4DB8677DC2 /* Pods_SurpriseMeTestTask.framework in Frameworks */,
			);
			runOnlyForDeploymentPostprocessing = 0;
		};
/* End PBXFrameworksBuildPhase section */

/* Begin PBXGroup section */
		46B0D01E2CCE499E36299D0C /* Frameworks */ = {
			isa = PBXGroup;
			children = (
				FC187446A691271D759BDA2C /* Pods_SurpriseMeTestTask.framework */,
			);
			name = Frameworks;
			sourceTree = "<group>";
		};
		BA0643F924730A96001C95DB = {
			isa = PBXGroup;
			children = (
				BA06440424730A96001C95DB /* SurpriseMeTestTask */,
				BA06440324730A96001C95DB /* Products */,
				BAC50C71DF2EA648AB55F872 /* Pods */,
				46B0D01E2CCE499E36299D0C /* Frameworks */,
			);
			sourceTree = "<group>";
		};
		BA06440324730A96001C95DB /* Products */ = {
			isa = PBXGroup;
			children = (
				BA06440224730A96001C95DB /* SurpriseMeTestTask.app */,
			);
			name = Products;
			sourceTree = "<group>";
		};
		BA06440424730A96001C95DB /* SurpriseMeTestTask */ = {
			isa = PBXGroup;
			children = (
				BA06440524730A96001C95DB /* AppDelegate.swift */,
				BA06440724730A96001C95DB /* SceneDelegate.swift */,
				BA06441C24730B14001C95DB /* PresentationLayer */,
				BA06441D24730B21001C95DB /* ServiceLayer */,
				BA06441E24730B6A001C95DB /* CoreLayer */,
				BA06441324730A98001C95DB /* LaunchScreen.storyboard */,
				BA6416E6247AB735000D94AE /* Assets.xcassets */,
				BA06441624730A98001C95DB /* Info.plist */,
				BA06440E24730A96001C95DB /* SurpriseMeTestTask.xcdatamodeld */,
			);
			path = SurpriseMeTestTask;
			sourceTree = "<group>";
		};
		BA06441C24730B14001C95DB /* PresentationLayer */ = {
			isa = PBXGroup;
			children = (
				BAD518AE247951380045BE75 /* CountryCode */,
				BA06442724734D23001C95DB /* Interactor */,
				BA064424247345DD001C95DB /* Animators */,
				BA06441F24730BD1001C95DB /* MainScreen */,
				BA06442124730BF6001C95DB /* CountryPickerScreen */,
				BA06442024730BDD001C95DB /* SMSCodeScreen */,
			);
			path = PresentationLayer;
			sourceTree = "<group>";
		};
		BA06441D24730B21001C95DB /* ServiceLayer */ = {
			isa = PBXGroup;
			children = (
				BADAB7542475415B005562A9 /* Assembly */,
				BADAB74B2474A1F6005562A9 /* NetworkService */,
			);
			path = ServiceLayer;
			sourceTree = "<group>";
		};
		BA06441E24730B6A001C95DB /* CoreLayer */ = {
			isa = PBXGroup;
			children = (
				BADAB75524754168005562A9 /* Assembly */,
				BADAB74624749FE0005562A9 /* Network */,
			);
			path = CoreLayer;
			sourceTree = "<group>";
		};
		BA06441F24730BD1001C95DB /* MainScreen */ = {
			isa = PBXGroup;
			children = (
				BA06440924730A96001C95DB /* ViewController.swift */,
				BA06440B24730A96001C95DB /* Main.storyboard */,
				BA06443024746D6C001C95DB /* MainViewController.swift */,
			);
			path = MainScreen;
			sourceTree = "<group>";
		};
		BA06442024730BDD001C95DB /* SMSCodeScreen */ = {
			isa = PBXGroup;
			children = (
				BA6416F7247B11C5000D94AE /* SMSCodeViewController.swift */,
				BA6416F9247B11CE000D94AE /* SMSCodeViewController.storyboard */,
			);
			path = SMSCodeScreen;
			sourceTree = "<group>";
		};
		BA06442124730BF6001C95DB /* CountryPickerScreen */ = {
			isa = PBXGroup;
			children = (
			);
			path = CountryPickerScreen;
			sourceTree = "<group>";
		};
		BA064424247345DD001C95DB /* Animators */ = {
			isa = PBXGroup;
			children = (
				BA064425247345FC001C95DB /* DismissAnimator.swift */,
				BA06442A2473F4A6001C95DB /* PresentAnimator.swift */,
			);
			path = Animators;
			sourceTree = "<group>";
		};
		BA06442724734D23001C95DB /* Interactor */ = {
			isa = PBXGroup;
			children = (
				BA06442824734D3C001C95DB /* Interactor.swift */,
			);
			path = Interactor;
			sourceTree = "<group>";
		};
		BAC50C71DF2EA648AB55F872 /* Pods */ = {
			isa = PBXGroup;
			children = (
				F135E510F3001D93AB879E65 /* Pods-SurpriseMeTestTask.debug.xcconfig */,
				9070B680152CB660AFE5D722 /* Pods-SurpriseMeTestTask.release.xcconfig */,
			);
			path = Pods;
			sourceTree = "<group>";
		};
		BAD518AE247951380045BE75 /* CountryCode */ = {
			isa = PBXGroup;
			children = (
				BAD518AF247951970045BE75 /* CountryCodeViewController.swift */,
				BAD518B1247951BF0045BE75 /* CountryCodeViewController.storyboard */,
			);
			path = CountryCode;
			sourceTree = "<group>";
		};
		BADAB74624749FE0005562A9 /* Network */ = {
			isa = PBXGroup;
			children = (
				BADAB74724749FF5005562A9 /* IURLNetworkService.swift */,
				BADAB7492474A00C005562A9 /* URLNetworkService.swift */,
			);
			path = Network;
			sourceTree = "<group>";
		};
		BADAB74B2474A1F6005562A9 /* NetworkService */ = {
			isa = PBXGroup;
			children = (
				BADAB74C2474A258005562A9 /* ImageLoadService.swift */,
				BADAB74E2474A2D4005562A9 /* IImageLoadService.swift */,
				BADAB7502474A325005562A9 /* DataFetchService.swift */,
				BADAB7522474A338005562A9 /* IDataFetchService.swift */,
				BADAB75A24754420005562A9 /* TrackImageService.swift */,
				BA6416EF247AD2A7000D94AE /* POSTRequestService.swift */,
				BA6416F3247AE534000D94AE /* IPOSTRequestService.swift */,
				BA6416F5247AE582000D94AE /* SMSRequest.swift */,
			);
			path = NetworkService;
			sourceTree = "<group>";
		};
		BADAB7542475415B005562A9 /* Assembly */ = {
			isa = PBXGroup;
			children = (
				BADAB7562475417C005562A9 /* ServiceAssembly.swift */,
			);
			path = Assembly;
			sourceTree = "<group>";
		};
		BADAB75524754168005562A9 /* Assembly */ = {
			isa = PBXGroup;
			children = (
				BADAB758247541CE005562A9 /* CoreAssembly.swift */,
			);
			path = Assembly;
			sourceTree = "<group>";
		};
/* End PBXGroup section */

/* Begin PBXNativeTarget section */
		BA06440124730A96001C95DB /* SurpriseMeTestTask */ = {
			isa = PBXNativeTarget;
			buildConfigurationList = BA06441924730A98001C95DB /* Build configuration list for PBXNativeTarget "SurpriseMeTestTask" */;
			buildPhases = (
				19F79450DA797390E9DD22A6 /* [CP] Check Pods Manifest.lock */,
				BA0643FE24730A96001C95DB /* Sources */,
				BA0643FF24730A96001C95DB /* Frameworks */,
				BA06440024730A96001C95DB /* Resources */,
				5D0D60032C98B3F12B69F70A /* [CP] Embed Pods Frameworks */,
			);
			buildRules = (
			);
			dependencies = (
			);
			name = SurpriseMeTestTask;
			productName = SurpriseMeTestTask;
			productReference = BA06440224730A96001C95DB /* SurpriseMeTestTask.app */;
			productType = "com.apple.product-type.application";
		};
/* End PBXNativeTarget section */

/* Begin PBXProject section */
		BA0643FA24730A96001C95DB /* Project object */ = {
			isa = PBXProject;
			attributes = {
				LastSwiftUpdateCheck = 1140;
				LastUpgradeCheck = 1140;
				ORGANIZATIONNAME = "Borisov Matvei";
				TargetAttributes = {
					BA06440124730A96001C95DB = {
						CreatedOnToolsVersion = 11.4;
					};
				};
			};
			buildConfigurationList = BA0643FD24730A96001C95DB /* Build configuration list for PBXProject "SurpriseMeTestTask" */;
			compatibilityVersion = "Xcode 9.3";
			developmentRegion = en;
			hasScannedForEncodings = 0;
			knownRegions = (
				en,
				Base,
			);
			mainGroup = BA0643F924730A96001C95DB;
			productRefGroup = BA06440324730A96001C95DB /* Products */;
			projectDirPath = "";
			projectRoot = "";
			targets = (
				BA06440124730A96001C95DB /* SurpriseMeTestTask */,
			);
		};
/* End PBXProject section */

/* Begin PBXResourcesBuildPhase section */
		BA06440024730A96001C95DB /* Resources */ = {
			isa = PBXResourcesBuildPhase;
			buildActionMask = 2147483647;
			files = (
				BA6416FA247B11CE000D94AE /* SMSCodeViewController.storyboard in Resources */,
				BA06441524730A98001C95DB /* LaunchScreen.storyboard in Resources */,
				BAD518B2247951BF0045BE75 /* CountryCodeViewController.storyboard in Resources */,
				BA06440D24730A96001C95DB /* Main.storyboard in Resources */,
				BA6416E7247AB735000D94AE /* Assets.xcassets in Resources */,
			);
			runOnlyForDeploymentPostprocessing = 0;
		};
/* End PBXResourcesBuildPhase section */

/* Begin PBXShellScriptBuildPhase section */
		19F79450DA797390E9DD22A6 /* [CP] Check Pods Manifest.lock */ = {
			isa = PBXShellScriptBuildPhase;
			buildActionMask = 2147483647;
			files = (
			);
			inputFileListPaths = (
			);
			inputPaths = (
				"${PODS_PODFILE_DIR_PATH}/Podfile.lock",
				"${PODS_ROOT}/Manifest.lock",
			);
			name = "[CP] Check Pods Manifest.lock";
			outputFileListPaths = (
			);
			outputPaths = (
				"$(DERIVED_FILE_DIR)/Pods-SurpriseMeTestTask-checkManifestLockResult.txt",
			);
			runOnlyForDeploymentPostprocessing = 0;
			shellPath = /bin/sh;
			shellScript = "diff \"${PODS_PODFILE_DIR_PATH}/Podfile.lock\" \"${PODS_ROOT}/Manifest.lock\" > /dev/null\nif [ $? != 0 ] ; then\n    # print error to STDERR\n    echo \"error: The sandbox is not in sync with the Podfile.lock. Run 'pod install' or update your CocoaPods installation.\" >&2\n    exit 1\nfi\n# This output is used by Xcode 'outputs' to avoid re-running this script phase.\necho \"SUCCESS\" > \"${SCRIPT_OUTPUT_FILE_0}\"\n";
			showEnvVarsInLog = 0;
		};
		5D0D60032C98B3F12B69F70A /* [CP] Embed Pods Frameworks */ = {
			isa = PBXShellScriptBuildPhase;
			buildActionMask = 2147483647;
			files = (
			);
			inputFileListPaths = (
				"${PODS_ROOT}/Target Support Files/Pods-SurpriseMeTestTask/Pods-SurpriseMeTestTask-frameworks-${CONFIGURATION}-input-files.xcfilelist",
			);
			name = "[CP] Embed Pods Frameworks";
			outputFileListPaths = (
				"${PODS_ROOT}/Target Support Files/Pods-SurpriseMeTestTask/Pods-SurpriseMeTestTask-frameworks-${CONFIGURATION}-output-files.xcfilelist",
			);
			runOnlyForDeploymentPostprocessing = 0;
			shellPath = /bin/sh;
			shellScript = "\"${PODS_ROOT}/Target Support Files/Pods-SurpriseMeTestTask/Pods-SurpriseMeTestTask-frameworks.sh\"\n";
			showEnvVarsInLog = 0;
		};
/* End PBXShellScriptBuildPhase section */

/* Begin PBXSourcesBuildPhase section */
		BA0643FE24730A96001C95DB /* Sources */ = {
			isa = PBXSourcesBuildPhase;
			buildActionMask = 2147483647;
			files = (
				BADAB7532474A338005562A9 /* IDataFetchService.swift in Sources */,
				BA06440A24730A96001C95DB /* ViewController.swift in Sources */,
				BAD518B0247951970045BE75 /* CountryCodeViewController.swift in Sources */,
				BA6416F4247AE534000D94AE /* IPOSTRequestService.swift in Sources */,
				BA064426247345FC001C95DB /* DismissAnimator.swift in Sources */,
				BA6416F0247AD2A7000D94AE /* POSTRequestService.swift in Sources */,
				BADAB75B24754420005562A9 /* TrackImageService.swift in Sources */,
				BADAB74D2474A258005562A9 /* ImageLoadService.swift in Sources */,
				BADAB74824749FF5005562A9 /* IURLNetworkService.swift in Sources */,
				BA06441024730A96001C95DB /* SurpriseMeTestTask.xcdatamodeld in Sources */,
				BADAB74A2474A00C005562A9 /* URLNetworkService.swift in Sources */,
				BA6416F8247B11C5000D94AE /* SMSCodeViewController.swift in Sources */,
				BA06440624730A96001C95DB /* AppDelegate.swift in Sources */,
				BADAB7512474A325005562A9 /* DataFetchService.swift in Sources */,
				BA06442B2473F4A6001C95DB /* PresentAnimator.swift in Sources */,
				BADAB759247541CE005562A9 /* CoreAssembly.swift in Sources */,
				BA06440824730A96001C95DB /* SceneDelegate.swift in Sources */,
				BA06442924734D3C001C95DB /* Interactor.swift in Sources */,
				BADAB7572475417C005562A9 /* ServiceAssembly.swift in Sources */,
				BA6416F6247AE582000D94AE /* SMSRequest.swift in Sources */,
				BA06443124746D6C001C95DB /* MainViewController.swift in Sources */,
				BADAB74F2474A2D4005562A9 /* IImageLoadService.swift in Sources */,
			);
			runOnlyForDeploymentPostprocessing = 0;
		};
/* End PBXSourcesBuildPhase section */

/* Begin PBXVariantGroup section */
		BA06440B24730A96001C95DB /* Main.storyboard */ = {
			isa = PBXVariantGroup;
			children = (
				BA06440C24730A96001C95DB /* Base */,
			);
			name = Main.storyboard;
			sourceTree = "<group>";
			usesTabs = 0;
		};
		BA06441324730A98001C95DB /* LaunchScreen.storyboard */ = {
			isa = PBXVariantGroup;
			children = (
				BA06441424730A98001C95DB /* Base */,
			);
			name = LaunchScreen.storyboard;
			sourceTree = "<group>";
		};
/* End PBXVariantGroup section */

/* Begin XCBuildConfiguration section */
		BA06441724730A98001C95DB /* Debug */ = {
			isa = XCBuildConfiguration;
			buildSettings = {
				ALWAYS_EMBED_SWIFT_STANDARD_LIBRARIES = YES;
				ALWAYS_SEARCH_USER_PATHS = NO;
				CLANG_ANALYZER_NONNULL = YES;
				CLANG_ANALYZER_NUMBER_OBJECT_CONVERSION = YES_AGGRESSIVE;
				CLANG_CXX_LANGUAGE_STANDARD = "gnu++14";
				CLANG_CXX_LIBRARY = "libc++";
				CLANG_ENABLE_MODULES = YES;
				CLANG_ENABLE_OBJC_ARC = YES;
				CLANG_ENABLE_OBJC_WEAK = YES;
				CLANG_WARN_BLOCK_CAPTURE_AUTORELEASING = YES;
				CLANG_WARN_BOOL_CONVERSION = YES;
				CLANG_WARN_COMMA = YES;
				CLANG_WARN_CONSTANT_CONVERSION = YES;
				CLANG_WARN_DEPRECATED_OBJC_IMPLEMENTATIONS = YES;
				CLANG_WARN_DIRECT_OBJC_ISA_USAGE = YES_ERROR;
				CLANG_WARN_DOCUMENTATION_COMMENTS = YES;
				CLANG_WARN_EMPTY_BODY = YES;
				CLANG_WARN_ENUM_CONVERSION = YES;
				CLANG_WARN_INFINITE_RECURSION = YES;
				CLANG_WARN_INT_CONVERSION = YES;
				CLANG_WARN_NON_LITERAL_NULL_CONVERSION = YES;
				CLANG_WARN_OBJC_IMPLICIT_RETAIN_SELF = YES;
				CLANG_WARN_OBJC_LITERAL_CONVERSION = YES;
				CLANG_WARN_OBJC_ROOT_CLASS = YES_ERROR;
				CLANG_WARN_RANGE_LOOP_ANALYSIS = YES;
				CLANG_WARN_STRICT_PROTOTYPES = YES;
				CLANG_WARN_SUSPICIOUS_MOVE = YES;
				CLANG_WARN_UNGUARDED_AVAILABILITY = YES_AGGRESSIVE;
				CLANG_WARN_UNREACHABLE_CODE = YES;
				CLANG_WARN__DUPLICATE_METHOD_MATCH = YES;
				COPY_PHASE_STRIP = NO;
				DEBUG_INFORMATION_FORMAT = dwarf;
				EMBED_ASSET_PACKS_IN_PRODUCT_BUNDLE = YES;
				ENABLE_STRICT_OBJC_MSGSEND = YES;
				ENABLE_TESTABILITY = YES;
				GCC_C_LANGUAGE_STANDARD = gnu11;
				GCC_DYNAMIC_NO_PIC = NO;
				GCC_NO_COMMON_BLOCKS = YES;
				GCC_OPTIMIZATION_LEVEL = 0;
				GCC_PREPROCESSOR_DEFINITIONS = (
					"DEBUG=1",
					"$(inherited)",
				);
				GCC_WARN_64_TO_32_BIT_CONVERSION = YES;
				GCC_WARN_ABOUT_RETURN_TYPE = YES_ERROR;
				GCC_WARN_UNDECLARED_SELECTOR = YES;
				GCC_WARN_UNINITIALIZED_AUTOS = YES_AGGRESSIVE;
				GCC_WARN_UNUSED_FUNCTION = YES;
				GCC_WARN_UNUSED_VARIABLE = YES;
				IPHONEOS_DEPLOYMENT_TARGET = 11.0;
				MTL_ENABLE_DEBUG_INFO = INCLUDE_SOURCE;
				MTL_FAST_MATH = YES;
				ONLY_ACTIVE_ARCH = YES;
				SDKROOT = iphoneos;
				SWIFT_ACTIVE_COMPILATION_CONDITIONS = DEBUG;
				SWIFT_OPTIMIZATION_LEVEL = "-Onone";
			};
			name = Debug;
		};
		BA06441824730A98001C95DB /* Release */ = {
			isa = XCBuildConfiguration;
			buildSettings = {
				ALWAYS_EMBED_SWIFT_STANDARD_LIBRARIES = YES;
				ALWAYS_SEARCH_USER_PATHS = NO;
				CLANG_ANALYZER_NONNULL = YES;
				CLANG_ANALYZER_NUMBER_OBJECT_CONVERSION = YES_AGGRESSIVE;
				CLANG_CXX_LANGUAGE_STANDARD = "gnu++14";
				CLANG_CXX_LIBRARY = "libc++";
				CLANG_ENABLE_MODULES = YES;
				CLANG_ENABLE_OBJC_ARC = YES;
				CLANG_ENABLE_OBJC_WEAK = YES;
				CLANG_WARN_BLOCK_CAPTURE_AUTORELEASING = YES;
				CLANG_WARN_BOOL_CONVERSION = YES;
				CLANG_WARN_COMMA = YES;
				CLANG_WARN_CONSTANT_CONVERSION = YES;
				CLANG_WARN_DEPRECATED_OBJC_IMPLEMENTATIONS = YES;
				CLANG_WARN_DIRECT_OBJC_ISA_USAGE = YES_ERROR;
				CLANG_WARN_DOCUMENTATION_COMMENTS = YES;
				CLANG_WARN_EMPTY_BODY = YES;
				CLANG_WARN_ENUM_CONVERSION = YES;
				CLANG_WARN_INFINITE_RECURSION = YES;
				CLANG_WARN_INT_CONVERSION = YES;
				CLANG_WARN_NON_LITERAL_NULL_CONVERSION = YES;
				CLANG_WARN_OBJC_IMPLICIT_RETAIN_SELF = YES;
				CLANG_WARN_OBJC_LITERAL_CONVERSION = YES;
				CLANG_WARN_OBJC_ROOT_CLASS = YES_ERROR;
				CLANG_WARN_RANGE_LOOP_ANALYSIS = YES;
				CLANG_WARN_STRICT_PROTOTYPES = YES;
				CLANG_WARN_SUSPICIOUS_MOVE = YES;
				CLANG_WARN_UNGUARDED_AVAILABILITY = YES_AGGRESSIVE;
				CLANG_WARN_UNREACHABLE_CODE = YES;
				CLANG_WARN__DUPLICATE_METHOD_MATCH = YES;
				COPY_PHASE_STRIP = NO;
				DEBUG_INFORMATION_FORMAT = "dwarf-with-dsym";
				EMBED_ASSET_PACKS_IN_PRODUCT_BUNDLE = YES;
				ENABLE_NS_ASSERTIONS = NO;
				ENABLE_STRICT_OBJC_MSGSEND = YES;
				GCC_C_LANGUAGE_STANDARD = gnu11;
				GCC_NO_COMMON_BLOCKS = YES;
				GCC_WARN_64_TO_32_BIT_CONVERSION = YES;
				GCC_WARN_ABOUT_RETURN_TYPE = YES_ERROR;
				GCC_WARN_UNDECLARED_SELECTOR = YES;
				GCC_WARN_UNINITIALIZED_AUTOS = YES_AGGRESSIVE;
				GCC_WARN_UNUSED_FUNCTION = YES;
				GCC_WARN_UNUSED_VARIABLE = YES;
				IPHONEOS_DEPLOYMENT_TARGET = 11.0;
				MTL_ENABLE_DEBUG_INFO = NO;
				MTL_FAST_MATH = YES;
				SDKROOT = iphoneos;
				SWIFT_COMPILATION_MODE = wholemodule;
				SWIFT_OPTIMIZATION_LEVEL = "-O";
				VALIDATE_PRODUCT = YES;
			};
			name = Release;
		};
		BA06441A24730A98001C95DB /* Debug */ = {
			isa = XCBuildConfiguration;
			baseConfigurationReference = F135E510F3001D93AB879E65 /* Pods-SurpriseMeTestTask.debug.xcconfig */;
			buildSettings = {
				ASSETCATALOG_COMPILER_APPICON_NAME = AppIcon;
				CODE_SIGN_STYLE = Automatic;
				DEVELOPMENT_TEAM = 9N36M22CA6;
				INFOPLIST_FILE = SurpriseMeTestTask/Info.plist;
				IPHONEOS_DEPLOYMENT_TARGET = 11.0;
				LD_RUNPATH_SEARCH_PATHS = (
					"$(inherited)",
					"@executable_path/Frameworks",
				);
				PRODUCT_BUNDLE_IDENTIFIER = borisov.Matvey.SurpriseMeTestTask;
				PRODUCT_NAME = "$(TARGET_NAME)";
				SWIFT_VERSION = 5.0;
				TARGETED_DEVICE_FAMILY = "1,2";
			};
			name = Debug;
		};
		BA06441B24730A98001C95DB /* Release */ = {
			isa = XCBuildConfiguration;
			baseConfigurationReference = 9070B680152CB660AFE5D722 /* Pods-SurpriseMeTestTask.release.xcconfig */;
			buildSettings = {
				ASSETCATALOG_COMPILER_APPICON_NAME = AppIcon;
				CODE_SIGN_STYLE = Automatic;
				DEVELOPMENT_TEAM = 9N36M22CA6;
				INFOPLIST_FILE = SurpriseMeTestTask/Info.plist;
				IPHONEOS_DEPLOYMENT_TARGET = 11.0;
				LD_RUNPATH_SEARCH_PATHS = (
					"$(inherited)",
					"@executable_path/Frameworks",
				);
				PRODUCT_BUNDLE_IDENTIFIER = borisov.Matvey.SurpriseMeTestTask;
				PRODUCT_NAME = "$(TARGET_NAME)";
				SWIFT_VERSION = 5.0;
				TARGETED_DEVICE_FAMILY = "1,2";
			};
			name = Release;
		};
/* End XCBuildConfiguration section */

/* Begin XCConfigurationList section */
		BA0643FD24730A96001C95DB /* Build configuration list for PBXProject "SurpriseMeTestTask" */ = {
			isa = XCConfigurationList;
			buildConfigurations = (
				BA06441724730A98001C95DB /* Debug */,
				BA06441824730A98001C95DB /* Release */,
			);
			defaultConfigurationIsVisible = 0;
			defaultConfigurationName = Release;
		};
		BA06441924730A98001C95DB /* Build configuration list for PBXNativeTarget "SurpriseMeTestTask" */ = {
			isa = XCConfigurationList;
			buildConfigurations = (
				BA06441A24730A98001C95DB /* Debug */,
				BA06441B24730A98001C95DB /* Release */,
			);
			defaultConfigurationIsVisible = 0;
			defaultConfigurationName = Release;
		};
/* End XCConfigurationList section */

/* Begin XCVersionGroup section */
		BA06440E24730A96001C95DB /* SurpriseMeTestTask.xcdatamodeld */ = {
			isa = XCVersionGroup;
			children = (
				BA06440F24730A96001C95DB /* SurpriseMeTestTask.xcdatamodel */,
			);
			currentVersion = BA06440F24730A96001C95DB /* SurpriseMeTestTask.xcdatamodel */;
			path = SurpriseMeTestTask.xcdatamodeld;
			sourceTree = "<group>";
			versionGroupType = wrapper.xcdatamodel;
		};
/* End XCVersionGroup section */
	};
	rootObject = BA0643FA24730A96001C95DB /* Project object */;
}
